
Microsoft Visual Studio Solution File, Format Version 12.00
# Visual Studio 15
VisualStudioVersion = 15.0.28010.2041
MinimumVisualStudioVersion = 10.0.40219.1
Project("{FAE04EC0-301F-11D3-BF4B-00C04F79EFBC}") = "BikeDemo", "BikeDemo\BikeDemo.csproj", "{56584287-F214-46AC-8967-D56F4737E0B0}"
EndProject
Project("{FAE04EC0-301F-11D3-BF4B-00C04F79EFBC}") = "BikeTests", "BikeTests\BikeTests.csproj", "{FAD23928-B538-4392-AAD9-6CD172B16A6B}"
EndProject
Global
	GlobalSection(SolutionConfigurationPlatforms) = preSolution
		Debug|Any CPU = Debug|Any CPU
		Release|Any CPU = Release|Any CPU
	EndGlobalSection
	GlobalSection(ProjectConfigurationPlatforms) = postSolution
		{56584287-F214-46AC-8967-D56F4737E0B0}.Debug|Any CPU.ActiveCfg = Debug|Any CPU
		{56584287-F214-46AC-8967-D56F4737E0B0}.Debug|Any CPU.Build.0 = Debug|Any CPU
		{56584287-F214-46AC-8967-D56F4737E0B0}.Release|Any CPU.ActiveCfg = Release|Any CPU
		{56584287-F214-46AC-8967-D56F4737E0B0}.Release|Any CPU.Build.0 = Release|Any CPU
		{FAD23928-B538-4392-AAD9-6CD172B16A6B}.Debug|Any CPU.ActiveCfg = Debug|Any CPU
		{FAD23928-B538-4392-AAD9-6CD172B16A6B}.Debug|Any CPU.Build.0 = Debug|Any CPU
		{FAD23928-B538-4392-AAD9-6CD172B16A6B}.Release|Any CPU.ActiveCfg = Release|Any CPU
		{FAD23928-B538-4392-AAD9-6CD172B16A6B}.Release|Any CPU.Build.0 = Release|Any CPU
	EndGlobalSection
	GlobalSection(SolutionProperties) = preSolution
		HideSolutionNode = FALSE
	EndGlobalSection
	GlobalSection(ExtensibilityGlobals) = postSolution
		SolutionGuid = {C109B46D-6E06-4A72-92DF-A6294F49FCB6}
	EndGlobalSection
EndGlobal
